
Microsoft Visual Studio Solution File, Format Version 12.00
# Visual Studio 2013
VisualStudioVersion = 12.0.40629.0
MinimumVisualStudioVersion = 10.0.40219.1
Project("{FAE04EC0-301F-11D3-BF4B-00C04F79EFBC}") = "IoCContainer", "IoCContainer\IoCContainer.csproj", "{7A8B14D2-FC61-44CB-861E-5F338A9B3500}"
EndProject
Project("{FAE04EC0-301F-11D3-BF4B-00C04F79EFBC}") = "IocContainerTest", "IocContainerTest\IocContainerTest.csproj", "{AF7726A9-0051-4BFD-92F7-D391859D6E90}"
EndProject
Project("{FAE04EC0-301F-11D3-BF4B-00C04F79EFBC}") = "IocCotainerWeb", "IocCotainerWeb\IocCotainerWeb.csproj", "{9B9AEBBD-6C7C-44F2-9D41-7A6730F5059F}"
EndProject
Project("{FAE04EC0-301F-11D3-BF4B-00C04F79EFBC}") = "IocCotainerWeb.Tests", "IocCotainerWeb.Tests\IocCotainerWeb.Tests.csproj", "{C04F21E6-D440-4071-A6CF-8036C3AADE1F}"
EndProject
Global
	GlobalSection(SolutionConfigurationPlatforms) = preSolution
		Debug|Any CPU = Debug|Any CPU
		Release|Any CPU = Release|Any CPU
	EndGlobalSection
	GlobalSection(ProjectConfigurationPlatforms) = postSolution
		{7A8B14D2-FC61-44CB-861E-5F338A9B3500}.Debug|Any CPU.ActiveCfg = Debug|Any CPU
		{7A8B14D2-FC61-44CB-861E-5F338A9B3500}.Debug|Any CPU.Build.0 = Debug|Any CPU
		{7A8B14D2-FC61-44CB-861E-5F338A9B3500}.Release|Any CPU.ActiveCfg = Release|Any CPU
		{7A8B14D2-FC61-44CB-861E-5F338A9B3500}.Release|Any CPU.Build.0 = Release|Any CPU
		{AF7726A9-0051-4BFD-92F7-D391859D6E90}.Debug|Any CPU.ActiveCfg = Debug|Any CPU
		{AF7726A9-0051-4BFD-92F7-D391859D6E90}.Debug|Any CPU.Build.0 = Debug|Any CPU
		{AF7726A9-0051-4BFD-92F7-D391859D6E90}.Release|Any CPU.ActiveCfg = Release|Any CPU
		{AF7726A9-0051-4BFD-92F7-D391859D6E90}.Release|Any CPU.Build.0 = Release|Any CPU
		{9B9AEBBD-6C7C-44F2-9D41-7A6730F5059F}.Debug|Any CPU.ActiveCfg = Debug|Any CPU
		{9B9AEBBD-6C7C-44F2-9D41-7A6730F5059F}.Debug|Any CPU.Build.0 = Debug|Any CPU
		{9B9AEBBD-6C7C-44F2-9D41-7A6730F5059F}.Release|Any CPU.ActiveCfg = Release|Any CPU
		{9B9AEBBD-6C7C-44F2-9D41-7A6730F5059F}.Release|Any CPU.Build.0 = Release|Any CPU
		{C04F21E6-D440-4071-A6CF-8036C3AADE1F}.Debug|Any CPU.ActiveCfg = Debug|Any CPU
		{C04F21E6-D440-4071-A6CF-8036C3AADE1F}.Debug|Any CPU.Build.0 = Debug|Any CPU
		{C04F21E6-D440-4071-A6CF-8036C3AADE1F}.Release|Any CPU.ActiveCfg = Release|Any CPU
		{C04F21E6-D440-4071-A6CF-8036C3AADE1F}.Release|Any CPU.Build.0 = Release|Any CPU
	EndGlobalSection
	GlobalSection(SolutionProperties) = preSolution
		HideSolutionNode = FALSE
	EndGlobalSection
EndGlobal
